
Microsoft Visual Studio Solution File, Format Version 12.00
# Visual Studio 15
VisualStudioVersion = 15.0.27130.2003
MinimumVisualStudioVersion = 10.0.40219.1
Project("{FAE04EC0-301F-11D3-BF4B-00C04F79EFBC}") = "01.ReverseNumbers", "01.ReverseNumbers\01.ReverseNumbers.csproj", "{A52C7320-B68C-4D5F-928A-292EB94CE47B}"
EndProject
Project("{FAE04EC0-301F-11D3-BF4B-00C04F79EFBC}") = "02.BasicStackOperations", "02.BasicStackOperations\02.BasicStackOperations.csproj", "{3A20BB32-426A-4F51-B9A6-641C119958EE}"
EndProject
Project("{FAE04EC0-301F-11D3-BF4B-00C04F79EFBC}") = "03.MaximumElement", "03.MaximumElement\03.MaximumElement.csproj", "{2B1CBCB2-A914-4244-B875-BDDF7845B736}"
EndProject
Project("{FAE04EC0-301F-11D3-BF4B-00C04F79EFBC}") = "04.BasicQueueOperations", "04.BasicQueueOperations\04.BasicQueueOperations.csproj", "{C8510B11-1CDC-466D-8598-530C2C61A5C3}"
EndProject
Project("{FAE04EC0-301F-11D3-BF4B-00C04F79EFBC}") = "05.SequenceWithQueue", "05.SequenceWithQueue\05.SequenceWithQueue.csproj", "{753B24F4-C446-456D-A139-49B0C684E9A0}"
EndProject
Project("{FAE04EC0-301F-11D3-BF4B-00C04F79EFBC}") = "06.TruckTour", "06.TruckTour\06.TruckTour.csproj", "{5CF972B8-155A-4D74-9DE0-B19FF66E36DD}"
EndProject
Project("{FAE04EC0-301F-11D3-BF4B-00C04F79EFBC}") = "07.BalancedParentheses", "07.BalancedParentheses\07.BalancedParentheses.csproj", "{987A5082-88C5-4570-8ACE-C5D3F4E861B8}"
EndProject
Project("{FAE04EC0-301F-11D3-BF4B-00C04F79EFBC}") = "08.RecursiveFibonacci", "08.RecursiveFibonacci\08.RecursiveFibonacci.csproj", "{35E7A530-59DE-4EC3-8EA7-966A99860758}"
EndProject
Project("{FAE04EC0-301F-11D3-BF4B-00C04F79EFBC}") = "09.StackFibonacci", "09.StackFibonacci\09.StackFibonacci.csproj", "{F3F567AC-0143-4686-A188-A32A38BC1F5E}"
EndProject
Project("{FAE04EC0-301F-11D3-BF4B-00C04F79EFBC}") = "10.SimpleTextEditor", "10.SimpleTextEditor\10.SimpleTextEditor.csproj", "{62D98172-978C-4223-8747-30280CE622D3}"
EndProject
Project("{FAE04EC0-301F-11D3-BF4B-00C04F79EFBC}") = "11.PoisonousPlants", "11.PoisonousPlants\11.PoisonousPlants.csproj", "{D9607379-A7CF-44FD-9C13-2D10E929DF5B}"
EndProject
Global
	GlobalSection(SolutionConfigurationPlatforms) = preSolution
		Debug|Any CPU = Debug|Any CPU
		Release|Any CPU = Release|Any CPU
	EndGlobalSection
	GlobalSection(ProjectConfigurationPlatforms) = postSolution
		{A52C7320-B68C-4D5F-928A-292EB94CE47B}.Debug|Any CPU.ActiveCfg = Debug|Any CPU
		{A52C7320-B68C-4D5F-928A-292EB94CE47B}.Debug|Any CPU.Build.0 = Debug|Any CPU
		{A52C7320-B68C-4D5F-928A-292EB94CE47B}.Release|Any CPU.ActiveCfg = Release|Any CPU
		{A52C7320-B68C-4D5F-928A-292EB94CE47B}.Release|Any CPU.Build.0 = Release|Any CPU
		{3A20BB32-426A-4F51-B9A6-641C119958EE}.Debug|Any CPU.ActiveCfg = Debug|Any CPU
		{3A20BB32-426A-4F51-B9A6-641C119958EE}.Debug|Any CPU.Build.0 = Debug|Any CPU
		{3A20BB32-426A-4F51-B9A6-641C119958EE}.Release|Any CPU.ActiveCfg = Release|Any CPU
		{3A20BB32-426A-4F51-B9A6-641C119958EE}.Release|Any CPU.Build.0 = Release|Any CPU
		{2B1CBCB2-A914-4244-B875-BDDF7845B736}.Debug|Any CPU.ActiveCfg = Debug|Any CPU
		{2B1CBCB2-A914-4244-B875-BDDF7845B736}.Debug|Any CPU.Build.0 = Debug|Any CPU
		{2B1CBCB2-A914-4244-B875-BDDF7845B736}.Release|Any CPU.ActiveCfg = Release|Any CPU
		{2B1CBCB2-A914-4244-B875-BDDF7845B736}.Release|Any CPU.Build.0 = Release|Any CPU
		{C8510B11-1CDC-466D-8598-530C2C61A5C3}.Debug|Any CPU.ActiveCfg = Debug|Any CPU
		{C8510B11-1CDC-466D-8598-530C2C61A5C3}.Debug|Any CPU.Build.0 = Debug|Any CPU
		{C8510B11-1CDC-466D-8598-530C2C61A5C3}.Release|Any CPU.ActiveCfg = Release|Any CPU
		{C8510B11-1CDC-466D-8598-530C2C61A5C3}.Release|Any CPU.Build.0 = Release|Any CPU
		{753B24F4-C446-456D-A139-49B0C684E9A0}.Debug|Any CPU.ActiveCfg = Debug|Any CPU
		{753B24F4-C446-456D-A139-49B0C684E9A0}.Debug|Any CPU.Build.0 = Debug|Any CPU
		{753B24F4-C446-456D-A139-49B0C684E9A0}.Release|Any CPU.ActiveCfg = Release|Any CPU
		{753B24F4-C446-456D-A139-49B0C684E9A0}.Release|Any CPU.Build.0 = Release|Any CPU
		{5CF972B8-155A-4D74-9DE0-B19FF66E36DD}.Debug|Any CPU.ActiveCfg = Debug|Any CPU
		{5CF972B8-155A-4D74-9DE0-B19FF66E36DD}.Debug|Any CPU.Build.0 = Debug|Any CPU
		{5CF972B8-155A-4D74-9DE0-B19FF66E36DD}.Release|Any CPU.ActiveCfg = Release|Any CPU
		{5CF972B8-155A-4D74-9DE0-B19FF66E36DD}.Release|Any CPU.Build.0 = Release|Any CPU
		{987A5082-88C5-4570-8ACE-C5D3F4E861B8}.Debug|Any CPU.ActiveCfg = Debug|Any CPU
		{987A5082-88C5-4570-8ACE-C5D3F4E861B8}.Debug|Any CPU.Build.0 = Debug|Any CPU
		{987A5082-88C5-4570-8ACE-C5D3F4E861B8}.Release|Any CPU.ActiveCfg = Release|Any CPU
		{987A5082-88C5-4570-8ACE-C5D3F4E861B8}.Release|Any CPU.Build.0 = Release|Any CPU
		{35E7A530-59DE-4EC3-8EA7-966A99860758}.Debug|Any CPU.ActiveCfg = Debug|Any CPU
		{35E7A530-59DE-4EC3-8EA7-966A99860758}.Debug|Any CPU.Build.0 = Debug|Any CPU
		{35E7A530-59DE-4EC3-8EA7-966A99860758}.Release|Any CPU.ActiveCfg = Release|Any CPU
		{35E7A530-59DE-4EC3-8EA7-966A99860758}.Release|Any CPU.Build.0 = Release|Any CPU
		{F3F567AC-0143-4686-A188-A32A38BC1F5E}.Debug|Any CPU.ActiveCfg = Debug|Any CPU
		{F3F567AC-0143-4686-A188-A32A38BC1F5E}.Debug|Any CPU.Build.0 = Debug|Any CPU
		{F3F567AC-0143-4686-A188-A32A38BC1F5E}.Release|Any CPU.ActiveCfg = Release|Any CPU
		{F3F567AC-0143-4686-A188-A32A38BC1F5E}.Release|Any CPU.Build.0 = Release|Any CPU
		{62D98172-978C-4223-8747-30280CE622D3}.Debug|Any CPU.ActiveCfg = Debug|Any CPU
		{62D98172-978C-4223-8747-30280CE622D3}.Debug|Any CPU.Build.0 = Debug|Any CPU
		{62D98172-978C-4223-8747-30280CE622D3}.Release|Any CPU.ActiveCfg = Release|Any CPU
		{62D98172-978C-4223-8747-30280CE622D3}.Release|Any CPU.Build.0 = Release|Any CPU
		{D9607379-A7CF-44FD-9C13-2D10E929DF5B}.Debug|Any CPU.ActiveCfg = Debug|Any CPU
		{D9607379-A7CF-44FD-9C13-2D10E929DF5B}.Debug|Any CPU.Build.0 = Debug|Any CPU
		{D9607379-A7CF-44FD-9C13-2D10E929DF5B}.Release|Any CPU.ActiveCfg = Release|Any CPU
		{D9607379-A7CF-44FD-9C13-2D10E929DF5B}.Release|Any CPU.Build.0 = Release|Any CPU
	EndGlobalSection
	GlobalSection(SolutionProperties) = preSolution
		HideSolutionNode = FALSE
	EndGlobalSection
	GlobalSection(ExtensibilityGlobals) = postSolution
		SolutionGuid = {4C68A457-C53B-432A-AFA9-EC18EDA1B3FA}
	EndGlobalSection
EndGlobal
